<?xml version="1.0" encoding="utf-8"?>
<Project ToolsVersion="4.0" xmlns="http://schemas.microsoft.com/developer/msbuild/2003">
  <ItemGroup>
    <Filter Include="Source Files">
      <UniqueIdentifier>{4FC737F1-C7A5-4376-A066-2A32D752A2FF}</UniqueIdentifier>
      <Extensions>cpp;c;cc;cxx;c++;cppm;ixx;def;odl;idl;hpj;bat;asm;asmx</Extensions>
    </Filter>
    <Filter Include="Header Files">
      <UniqueIdentifier>{93995380-89BD-4b04-88EB-625FBE52EBFB}</UniqueIdentifier>
      <Extensions>h;hh;hpp;hxx;h++;hm;inl;inc;ipp;xsd</Extensions>
    </Filter>
    <Filter Include="Resource Files">
      <UniqueIdentifier>{67DA6AB6-F800-4c08-8B7A-83BB121AAD01}</UniqueIdentifier>
      <Extensions>rc;ico;cur;bmp;dlg;rc2;rct;bin;rgs;gif;jpg;jpeg;jpe;resx;tiff;tif;png;wav;mfcribbon-ms</Extensions>
    </Filter>
  </ItemGroup>
  <ItemGroup>
    <ClCompile Include="main.cpp">
      <Filter>Source Files</Filter>
    </ClCompile>
    <ClCompile Include="menustate.cpp">
      <Filter>Source Files</Filter>
    </ClCompile>
    <ClCompile Include="gameloop.cpp">
      <Filter>Source Files</Filter>
    </ClCompile>
    <ClCompile Include="inputmanager.cpp">
      <Filter>Source Files</Filter>
    </ClCompile>
    <ClCompile Include="playstate.cpp">
      <Filter>Source Files</Filter>
    </ClCompile>
    <ClCompile Include="gamestate.cpp">
      <Filter>Source Files</Filter>
    </ClCompile>
    <ClCompile Include="player.cpp">
      <Filter>Source Files</Filter>
    </ClCompile>
    <ClCompile Include="snowball.cpp">
      <Filter>Source Files</Filter>
    </ClCompile>
    <ClCompile Include="platform.cpp">
      <Filter>Source Files</Filter>
    </ClCompile>
    <ClCompile Include="Botom.cpp">
      <Filter>Source Files</Filter>
    </ClCompile>
    <ClCompile Include="EnemyFactorycpp.cpp">
      <Filter>Source Files</Filter>
    </ClCompile>
    <ClCompile Include="enemies.cpp">
      <Filter>Source Files</Filter>
    </ClCompile>
    <ClCompile Include="FlyingFooga.cpp">
      <Filter>Source Files</Filter>
    </ClCompile>
    <ClCompile Include="Tornada.cpp">
      <Filter>Source Files</Filter>
    </ClCompile>
    <ClCompile Include="Projectile.cpp">
      <Filter>Source Files</Filter>
    </ClCompile>
    <ClCompile Include="knfie.cpp">
      <Filter>Source Files</Filter>
    </ClCompile>
    <ClCompile Include="Boss.cpp">
      <Filter>Source Files</Filter>
    </ClCompile>
    <ClCompile Include="Mogeracpp.cpp">
      <Filter>Source Files</Filter>
    </ClCompile>
    <ClCompile Include="Mogera_child.cpp">
      <Filter>Source Files</Filter>
    </ClCompile>
    <ClCompile Include="artillery_rocket.cpp">
      <Filter>Source Files</Filter>
    </ClCompile>
    <ClCompile Include="Gamachikicpp.cpp">
      <Filter>Source Files</Filter>
    </ClCompile>
    <ClCompile Include="powerups.cpp">
      <Filter>Source Files</Filter>
    </ClCompile>
    <ClCompile Include="power_up_functions.cpp">
      <Filter>Source Files</Filter>
    </ClCompile>
    <ClCompile Include="HUD_manager.cpp">
      <Filter>Source Files</Filter>
    </ClCompile>
    <ClCompile Include="multiplayer.cpp">
      <Filter>Source Files</Filter>
    </ClCompile>
    <ClCompile Include="Star.cpp">
      <Filter>Source Files</Filter>
    </ClCompile>
    <ClCompile Include="DB_manager.cpp">
      <Filter>Source Files</Filter>
    </ClCompile>
    <ClCompile Include="LeaderBoardState.cpp">
      <Filter>Source Files</Filter>
    </ClCompile>
    <ClCompile Include="LoginState.cpp">
      <Filter>Source Files</Filter>
    </ClCompile>
    <ClCompile Include="menu.cpp">
      <Filter>Source Files</Filter>
    </ClCompile>
    <ClCompile Include="RegistrationState.cpp">
      <Filter>Source Files</Filter>
    </ClCompile>
  </ItemGroup>
  <ItemGroup>
    <ClInclude Include="gameloop.h">
      <Filter>Header Files</Filter>
    </ClInclude>
    <ClInclude Include="inputmanager.h">
      <Filter>Header Files</Filter>
    </ClInclude>
    <ClInclude Include="menustate.h">
      <Filter>Header Files</Filter>
    </ClInclude>
    <ClInclude Include="statemachinee.h">
      <Filter>Header Files</Filter>
    </ClInclude>
    <ClInclude Include="gamestate.h">
      <Filter>Header Files</Filter>
    </ClInclude>
    <ClInclude Include="playstate.h">
      <Filter>Header Files</Filter>
    </ClInclude>
    <ClInclude Include="player.h">
      <Filter>Header Files</Filter>
    </ClInclude>
    <ClInclude Include="snowball.h">
      <Filter>Header Files</Filter>
    </ClInclude>
    <ClInclude Include="platform.h">
      <Filter>Header Files</Filter>
    </ClInclude>
    <ClInclude Include="Botom.h">
      <Filter>Header Files</Filter>
    </ClInclude>
    <ClInclude Include="Enemy.h">
      <Filter>Header Files</Filter>
    </ClInclude>
    <ClInclude Include="EnemyFactory.h">
      <Filter>Header Files</Filter>
    </ClInclude>
    <ClInclude Include="FlyingFooga.h">
      <Filter>Header Files</Filter>
    </ClInclude>
    <ClInclude Include="Tornado.h">
      <Filter>Header Files</Filter>
    </ClInclude>
    <ClInclude Include="Projectile.h">
      <Filter>Header Files</Filter>
    </ClInclude>
    <ClInclude Include="knife.h">
      <Filter>Header Files</Filter>
    </ClInclude>
    <ClInclude Include="Boss.h">
      <Filter>Header Files</Filter>
    </ClInclude>
    <ClInclude Include="Mogera.h">
      <Filter>Header Files</Filter>
    </ClInclude>
    <ClInclude Include="Mogera_child.h">
      <Filter>Header Files</Filter>
    </ClInclude>
    <ClInclude Include="artillery_rocket.h">
      <Filter>Header Files</Filter>
    </ClInclude>
    <ClInclude Include="Gamachiki.h">
      <Filter>Header Files</Filter>
    </ClInclude>
    <ClInclude Include="PowerUp_funcs.h">
      <Filter>Header Files</Filter>
    </ClInclude>
    <ClInclude Include="PowerUp.h">
      <Filter>Header Files</Filter>
    </ClInclude>
    <ClInclude Include="HUD_manager.h">
      <Filter>Header Files</Filter>
    </ClInclude>
    <ClInclude Include="multiplayerState.h">
      <Filter>Header Files</Filter>
    </ClInclude>
    <ClInclude Include="Star.h">
      <Filter>Header Files</Filter>
    </ClInclude>
    <ClInclude Include="LeaderBoardState.h">
      <Filter>Header Files</Filter>
    </ClInclude>
    <ClInclude Include="DB_manager.h">
      <Filter>Header Files</Filter>
    </ClInclude>
    <ClInclude Include="Login_manager.h">
      <Filter>Header Files</Filter>
    </ClInclude>
    <ClInclude Include="LoginState.h">
      <Filter>Header Files</Filter>
    </ClInclude>
    <ClInclude Include="menu.h">
      <Filter>Header Files</Filter>
    </ClInclude>
    <ClInclude Include="RegisterState.h">
      <Filter>Header Files</Filter>
    </ClInclude>
  </ItemGroup>
</Project>